
Microsoft Visual Studio Solution File, Format Version 12.00
# Visual Studio 15
VisualStudioVersion = 15.0.28307.489
MinimumVisualStudioVersion = 10.0.40219.1
Project("{FAE04EC0-301F-11D3-BF4B-00C04F79EFBC}") = "snake", "snake\snake.csproj", "{92144ACC-6BCA-4D81-B8C8-39E0DF2C8BF6}"
EndProject
Global
	GlobalSection(SolutionConfigurationPlatforms) = preSolution
		Debug|Any CPU = Debug|Any CPU
		Release|Any CPU = Release|Any CPU
	EndGlobalSection
	GlobalSection(ProjectConfigurationPlatforms) = postSolution
		{92144ACC-6BCA-4D81-B8C8-39E0DF2C8BF6}.Debug|Any CPU.ActiveCfg = Debug|Any CPU
		{92144ACC-6BCA-4D81-B8C8-39E0DF2C8BF6}.Debug|Any CPU.Build.0 = Debug|Any CPU
		{92144ACC-6BCA-4D81-B8C8-39E0DF2C8BF6}.Release|Any CPU.ActiveCfg = Release|Any CPU
		{92144ACC-6BCA-4D81-B8C8-39E0DF2C8BF6}.Release|Any CPU.Build.0 = Release|Any CPU
	EndGlobalSection
	GlobalSection(SolutionProperties) = preSolution
		HideSolutionNode = FALSE
	EndGlobalSection
	GlobalSection(ExtensibilityGlobals) = postSolution
		SolutionGuid = {8F14CD47-CAE1-49FC-8E17-20989733DBD7}
	EndGlobalSection
EndGlobal
